# THIS IS AN AUTOGENERATED FILE. DO NOT EDIT THIS FILE DIRECTLY.
# yarn lockfile v1


"@babel/runtime@^7.5.5", "@babel/runtime@^7.8.7":
  version "7.18.9"
  resolved "https://registry.yarnpkg.com/@babel/runtime/-/runtime-7.18.9.tgz#b4fcfce55db3d2e5e080d2490f608a3b9f407f4a"
  integrity sha512-lkqXDcvlFT5rvEjiu6+QYO+1GXrEHRo2LOtS7E4GtX5ESIZOgepqsZBVIj6Pv+a6zqsya9VCgiK1KAK4BvJDAw==
  dependencies:
    regenerator-runtime "^0.13.4"

"@juggle/resize-observer@^3.3.0":
  version "3.4.0"
  resolved "https://registry.yarnpkg.com/@juggle/resize-observer/-/resize-observer-3.4.0.tgz#08d6c5e20cf7e4cc02fd181c4b0c225cd31dbb60"
  integrity sha512-dfLbk+PwWvFzSxwk3n5ySL0hfBog779o8h68wK/7/APo/7cgyWp5jcXockbxdk5kFRkbeXWm4Fbi9FrdN381sA==

"@next/env@12.2.5":
  version "12.2.5"
  resolved "https://registry.yarnpkg.com/@next/env/-/env-12.2.5.tgz#d908c57b35262b94db3e431e869b72ac3e1ad3e3"
  integrity sha512-vLPLV3cpPGjUPT3PjgRj7e3nio9t6USkuew3JE/jMeon/9Mvp1WyR18v3iwnCuX7eUAm1HmAbJHHLAbcu/EJcw==

"@next/swc-android-arm-eabi@12.2.5":
  version "12.2.5"
  resolved "https://registry.yarnpkg.com/@next/swc-android-arm-eabi/-/swc-android-arm-eabi-12.2.5.tgz#903a5479ab4c2705d9c08d080907475f7bacf94d"
  integrity sha512-cPWClKxGhgn2dLWnspW+7psl3MoLQUcNqJqOHk2BhNcou9ARDtC0IjQkKe5qcn9qg7I7U83Gp1yh2aesZfZJMA==

"@next/swc-android-arm64@12.2.5":
  version "12.2.5"
  resolved "https://registry.yarnpkg.com/@next/swc-android-arm64/-/swc-android-arm64-12.2.5.tgz#2f9a98ec4166c7860510963b31bda1f57a77c792"
  integrity sha512-vMj0efliXmC5b7p+wfcQCX0AfU8IypjkzT64GiKJD9PgiA3IILNiGJr1fw2lyUDHkjeWx/5HMlMEpLnTsQslwg==

"@next/swc-darwin-arm64@12.2.5":
  version "12.2.5"
  resolved "https://registry.yarnpkg.com/@next/swc-darwin-arm64/-/swc-darwin-arm64-12.2.5.tgz#31b1c3c659d54be546120c488a1e1bad21c24a1d"
  integrity sha512-VOPWbO5EFr6snla/WcxUKtvzGVShfs302TEMOtzYyWni6f9zuOetijJvVh9CCTzInnXAZMtHyNhefijA4HMYLg==

"@next/swc-darwin-x64@12.2.5":
  version "12.2.5"
  resolved "https://registry.yarnpkg.com/@next/swc-darwin-x64/-/swc-darwin-x64-12.2.5.tgz#2e44dd82b2b7fef88238d1bc4d3bead5884cedfd"
  integrity sha512-5o8bTCgAmtYOgauO/Xd27vW52G2/m3i5PX7MUYePquxXAnX73AAtqA3WgPXBRitEB60plSKZgOTkcpqrsh546A==

"@next/swc-freebsd-x64@12.2.5":
  version "12.2.5"
  resolved "https://registry.yarnpkg.com/@next/swc-freebsd-x64/-/swc-freebsd-x64-12.2.5.tgz#e24e75d8c2581bfebc75e4f08f6ddbd116ce9dbd"
  integrity sha512-yYUbyup1JnznMtEBRkK4LT56N0lfK5qNTzr6/DEyDw5TbFVwnuy2hhLBzwCBkScFVjpFdfiC6SQAX3FrAZzuuw==

"@next/swc-linux-arm-gnueabihf@12.2.5":
  version "12.2.5"
  resolved "https://registry.yarnpkg.com/@next/swc-linux-arm-gnueabihf/-/swc-linux-arm-gnueabihf-12.2.5.tgz#46d8c514d834d2b5f67086013f0bd5e3081e10b9"
  integrity sha512-2ZE2/G921Acks7UopJZVMgKLdm4vN4U0yuzvAMJ6KBavPzqESA2yHJlm85TV/K9gIjKhSk5BVtauIUntFRP8cg==

"@next/swc-linux-arm64-gnu@12.2.5":
  version "12.2.5"
  resolved "https://registry.yarnpkg.com/@next/swc-linux-arm64-gnu/-/swc-linux-arm64-gnu-12.2.5.tgz#91f725ac217d3a1f4f9f53b553615ba582fd3d9f"
  integrity sha512-/I6+PWVlz2wkTdWqhlSYYJ1pWWgUVva6SgX353oqTh8njNQp1SdFQuWDqk8LnM6ulheVfSsgkDzxrDaAQZnzjQ==

"@next/swc-linux-arm64-musl@12.2.5":
  version "12.2.5"
  resolved "https://registry.yarnpkg.com/@next/swc-linux-arm64-musl/-/swc-linux-arm64-musl-12.2.5.tgz#e627e8c867920995810250303cd9b8e963598383"
  integrity sha512-LPQRelfX6asXyVr59p5sTpx5l+0yh2Vjp/R8Wi4X9pnqcayqT4CUJLiHqCvZuLin3IsFdisJL0rKHMoaZLRfmg==

"@next/swc-linux-x64-gnu@12.2.5":
  version "12.2.5"
  resolved "https://registry.yarnpkg.com/@next/swc-linux-x64-gnu/-/swc-linux-x64-gnu-12.2.5.tgz#83a5e224fbc4d119ef2e0f29d0d79c40cc43887e"
  integrity sha512-0szyAo8jMCClkjNK0hknjhmAngUppoRekW6OAezbEYwHXN/VNtsXbfzgYOqjKWxEx3OoAzrT3jLwAF0HdX2MEw==

"@next/swc-linux-x64-musl@12.2.5":
  version "12.2.5"
  resolved "https://registry.yarnpkg.com/@next/swc-linux-x64-musl/-/swc-linux-x64-musl-12.2.5.tgz#be700d48471baac1ec2e9539396625584a317e95"
  integrity sha512-zg/Y6oBar1yVnW6Il1I/08/2ukWtOG6s3acdJdEyIdsCzyQi4RLxbbhkD/EGQyhqBvd3QrC6ZXQEXighQUAZ0g==

"@next/swc-win32-arm64-msvc@12.2.5":
  version "12.2.5"
  resolved "https://registry.yarnpkg.com/@next/swc-win32-arm64-msvc/-/swc-win32-arm64-msvc-12.2.5.tgz#a93e958133ad3310373fda33a79aa10af2a0aa97"
  integrity sha512-3/90DRNSqeeSRMMEhj4gHHQlLhhKg5SCCoYfE3kBjGpE63EfnblYUqsszGGZ9ekpKL/R4/SGB40iCQr8tR5Jiw==

"@next/swc-win32-ia32-msvc@12.2.5":
  version "12.2.5"
  resolved "https://registry.yarnpkg.com/@next/swc-win32-ia32-msvc/-/swc-win32-ia32-msvc-12.2.5.tgz#4f5f7ba0a98ff89a883625d4af0125baed8b2e19"
  integrity sha512-hGLc0ZRAwnaPL4ulwpp4D2RxmkHQLuI8CFOEEHdzZpS63/hMVzv81g8jzYA0UXbb9pus/iTc3VRbVbAM03SRrw==

"@next/swc-win32-x64-msvc@12.2.5":
  version "12.2.5"
  resolved "https://registry.yarnpkg.com/@next/swc-win32-x64-msvc/-/swc-win32-x64-msvc-12.2.5.tgz#20fed129b04a0d3f632c6d0de135345bb623b1e4"
  integrity sha512-7h5/ahY7NeaO2xygqVrSG/Y8Vs4cdjxIjowTZ5W6CKoTKn7tmnuxlUc2h74x06FKmbhAd9agOjr/AOKyxYYm9Q==

"@react-md/alert@^2.9.1":
  version "2.9.1"
  resolved "https://registry.yarnpkg.com/@react-md/alert/-/alert-2.9.1.tgz#027a7cb115d1fe83da90918597b9114b24ef91af"
  integrity sha512-9knEr0z3i63EQv/t2uSGv066WYyCB3Lh9nMJZO8BLKKUu2QfhvENeWIW0uJ6q3Y5RUWtzxbQccR2Nppges1esg==
  dependencies:
    "@react-md/button" "^2.9.1"
    "@react-md/elevation" "^2.9.1"
    "@react-md/portal" "^2.9.1"
    "@react-md/theme" "^2.9.1"
    "@react-md/transition" "^2.9.1"
    "@react-md/typography" "^2.9.1"
    "@react-md/utils" "^2.9.1"
    classnames "^2.3.1"
    react-transition-group "^4.4.2"
  optionalDependencies:
    prop-types ">= 15.6"

"@react-md/app-bar@^2.9.1":
  version "2.9.1"
  resolved "https://registry.yarnpkg.com/@react-md/app-bar/-/app-bar-2.9.1.tgz#cc241f5e95422b8a849cbafcb694bbe0ec1bedf8"
  integrity sha512-2NNbFGBzrItfttUCh/mcNOK9RBiy0hqsr517F773fT84lerK0JZIlpe5ieMnjKBBJ4I3SjDlGAWY/PmcVInWsw==
  dependencies:
    "@react-md/button" "^2.9.1"
    "@react-md/elevation" "^2.9.1"
    "@react-md/icon" "^2.9.1"
    "@react-md/theme" "^2.9.1"
    "@react-md/typography" "^2.9.1"
    "@react-md/utils" "^2.9.1"
    classnames "^2.3.1"
  optionalDependencies:
    prop-types ">= 15.6"

"@react-md/autocomplete@^2.9.1":
  version "2.9.1"
  resolved "https://registry.yarnpkg.com/@react-md/autocomplete/-/autocomplete-2.9.1.tgz#704791435da8c0141df8c9e7ea0b534a082ee31e"
  integrity sha512-Aek79BsLV0a7TygdwlURxcxzOtC9RkSSs4obPAEGK37s/Syq0QVD8Zey5+/ZaKNb6ffFUP3s7v/owxRRiywHyw==
  dependencies:
    "@react-md/form" "^2.9.1"
    "@react-md/list" "^2.9.1"
    "@react-md/portal" "^2.9.1"
    "@react-md/states" "^2.9.1"
    "@react-md/theme" "^2.9.1"
    "@react-md/transition" "^2.9.1"
    "@react-md/typography" "^2.9.1"
    "@react-md/utils" "^2.9.1"
    classnames "^2.3.1"
  optionalDependencies:
    prop-types ">= 15.6"

"@react-md/avatar@^2.9.1":
  version "2.9.1"
  resolved "https://registry.yarnpkg.com/@react-md/avatar/-/avatar-2.9.1.tgz#83e28bd437a923629e71c92726b9de4744fa6156"
  integrity sha512-oVc6gzYYg4d6xiTQblOFjg3K4+xNLjWX48OJaPvJAaSGSF0lgrcbxjZ2KI3jSuC5pjit0ZNlBoXgkriEJCtp5w==
  dependencies:
    "@react-md/icon" "^2.9.1"
    "@react-md/theme" "^2.9.1"
    "@react-md/utils" "^2.9.1"
    classnames "^2.3.1"
  optionalDependencies:
    prop-types ">= 15.6"

"@react-md/badge@^2.9.1":
  version "2.9.1"
  resolved "https://registry.yarnpkg.com/@react-md/badge/-/badge-2.9.1.tgz#96c85a4ca1500078e49a614fe47dfc9d77205e99"
  integrity sha512-cTsPjjOS12PY3w0cG2oDK6swvyYIoVEmcoy29jg3+pHNOvVQPD9SdJ1gqBlbyHNZROd7RcPqf5yYsIBkWL4mNQ==
  dependencies:
    "@react-md/button" "^2.9.1"
    "@react-md/icon" "^2.9.1"
    "@react-md/theme" "^2.9.1"
    "@react-md/typography" "^2.9.1"
    "@react-md/utils" "^2.9.1"
    classnames "^2.3.1"
  optionalDependencies:
    prop-types ">= 15.6"

"@react-md/button@^2.9.1":
  version "2.9.1"
  resolved "https://registry.yarnpkg.com/@react-md/button/-/button-2.9.1.tgz#b39515bc40cab17486d025ee20cfc102074a9ef3"
  integrity sha512-IiIAYesBBWmGOCddLW/LqdL12azXVoMBPHGD/CD4I/2L5/WQ6qBo3TbMXnlpze3kUoUA0VvnwKSDo6nYQzbFpg==
  dependencies:
    "@react-md/elevation" "^2.9.1"
    "@react-md/icon" "^2.9.1"
    "@react-md/states" "^2.9.1"
    "@react-md/theme" "^2.9.1"
    "@react-md/transition" "^2.9.1"
    "@react-md/typography" "^2.9.1"
    "@react-md/utils" "^2.9.1"
    classnames "^2.3.1"
  optionalDependencies:
    prop-types ">= 15.6"

"@react-md/card@^2.9.1":
  version "2.9.1"
  resolved "https://registry.yarnpkg.com/@react-md/card/-/card-2.9.1.tgz#efb621c2631c69510ef11cbe15549590a9caf50b"
  integrity sha512-KOp/pOMt+Rbtsgj93TIE8hU9pm/LpwD8y1GKaeYzqBgwHVrtNpXz9dIO6oVF4gWJp4lpVqxA9Iz9SJ/wN29aKQ==
  dependencies:
    "@react-md/divider" "^2.9.1"
    "@react-md/elevation" "^2.9.1"
    "@react-md/icon" "^2.9.1"
    "@react-md/states" "^2.9.1"
    "@react-md/theme" "^2.9.1"
    "@react-md/typography" "^2.9.1"
    "@react-md/utils" "^2.9.1"
    classnames "^2.3.1"
  optionalDependencies:
    prop-types ">= 15.6"

"@react-md/chip@^2.9.1":
  version "2.9.1"
  resolved "https://registry.yarnpkg.com/@react-md/chip/-/chip-2.9.1.tgz#331bc810be423eaf37a4adb1e5c87666b354bbfe"
  integrity sha512-85Xl/f7+zBHBhDf9GVu2/ppJr//IjHljYpHt5cvXykn0hKLLPb3447WyZ+8FyjMdz3YWUTTZzd3v1vgvBqGU8g==
  dependencies:
    "@react-md/elevation" "^2.9.1"
    "@react-md/icon" "^2.9.1"
    "@react-md/states" "^2.9.1"
    "@react-md/theme" "^2.9.1"
    "@react-md/typography" "^2.9.1"
    "@react-md/utils" "^2.9.1"
    classnames "^2.3.1"
  optionalDependencies:
    prop-types ">= 15.6"

"@react-md/dialog@^2.9.1":
  version "2.9.1"
  resolved "https://registry.yarnpkg.com/@react-md/dialog/-/dialog-2.9.1.tgz#d9173115647f61e4d0d356078f52d91939cf940d"
  integrity sha512-fpUNs/jNUSQbfOWKPowceC6ZIq4pVkQLWh2jV2npA/tcYGd1oWXGRBuQOCXdjb63A9S5dEg5iM8iRMIjqpA5Zw==
  dependencies:
    "@react-md/app-bar" "^2.9.1"
    "@react-md/elevation" "^2.9.1"
    "@react-md/overlay" "^2.9.1"
    "@react-md/portal" "^2.9.1"
    "@react-md/theme" "^2.9.1"
    "@react-md/transition" "^2.9.1"
    "@react-md/typography" "^2.9.1"
    "@react-md/utils" "^2.9.1"
    classnames "^2.3.1"
    react-transition-group "^4.4.2"
  optionalDependencies:
    prop-types ">= 15.6"

"@react-md/divider@^2.9.1":
  version "2.9.1"
  resolved "https://registry.yarnpkg.com/@react-md/divider/-/divider-2.9.1.tgz#b07ae6ea8effd5d6e83cb44241a9f1c1f7341e8f"
  integrity sha512-KHR0fhg5twEQo8Ps0y0sP4LNEmN0jCs2alFsGhUzbZNlLlvu/vouxd2aD8xZuFU1H/WRAYFYGJOd5XWQIDXFlw==
  dependencies:
    "@react-md/theme" "^2.9.1"
    "@react-md/utils" "^2.9.1"
    classnames "^2.3.1"
  optionalDependencies:
    prop-types ">= 15.6"

"@react-md/elevation@^2.9.1":
  version "2.9.1"
  resolved "https://registry.yarnpkg.com/@react-md/elevation/-/elevation-2.9.1.tgz#08d9767ace4893cdf2daf4e4f8e0e756d81837be"
  integrity sha512-DwsFgBbMVwDBMjwu6njKtp0LqwRd+kVydluAITNDKYn1oumVzqOelTsqNLryw9lyfGpDo08moCJjtuJYGURzpQ==
  dependencies:
    "@react-md/theme" "^2.9.1"
    "@react-md/transition" "^2.9.1"
    "@react-md/utils" "^2.9.1"

"@react-md/expansion-panel@^2.9.1":
  version "2.9.1"
  resolved "https://registry.yarnpkg.com/@react-md/expansion-panel/-/expansion-panel-2.9.1.tgz#e59c9ac04119c92031140986ea64d89b7c939031"
  integrity sha512-+LVOJyOdsJWvizbDFt3XiZC48MGtCvnoVLy+FCqlAaFuBl9QRs47rTruhi98LLefFRSmugZZcF5tv8FCCuIqsg==
  dependencies:
    "@react-md/button" "^2.9.1"
    "@react-md/card" "^2.9.1"
    "@react-md/icon" "^2.9.1"
    "@react-md/theme" "^2.9.1"
    "@react-md/transition" "^2.9.1"
    "@react-md/utils" "^2.9.1"
    classnames "^2.3.1"
  optionalDependencies:
    prop-types ">= 15.6"

"@react-md/form@^2.9.1":
  version "2.9.1"
  resolved "https://registry.yarnpkg.com/@react-md/form/-/form-2.9.1.tgz#bcd927f00c1674dc4d5daaf4e8807ac7ddf09e6a"
  integrity sha512-IE09vqoHGY6/DzuyOwYqP2gOD1ChhCUTnPzOgItTSZsPuDx1F5yrAYGItOUpCK3Ui9dlk1MYCdwKzUGm1sjRoA==
  dependencies:
    "@react-md/button" "^2.9.1"
    "@react-md/icon" "^2.9.1"
    "@react-md/list" "^2.9.1"
    "@react-md/portal" "^2.9.1"
    "@react-md/progress" "^2.9.1"
    "@react-md/states" "^2.9.1"
    "@react-md/theme" "^2.9.1"
    "@react-md/tooltip" "^2.9.1"
    "@react-md/transition" "^2.9.1"
    "@react-md/typography" "^2.9.1"
    "@react-md/utils" "^2.9.1"
    classnames "^2.3.1"
    nanoid "^3.1.23"
  optionalDependencies:
    prop-types ">= 15.6"

"@react-md/icon@^2.9.1":
  version "2.9.1"
  resolved "https://registry.yarnpkg.com/@react-md/icon/-/icon-2.9.1.tgz#ae3c051d31340e5f7aef30f31605bb86ba94ea0f"
  integrity sha512-IxdDnSUujJeRgPJGhxDtl39tVltmXbJ+Bx0scj1fKRuSM1lxNoa+LhPinWF/O2V8/PYZAvOYjhjXN7e1YkB1zQ==
  dependencies:
    "@react-md/theme" "^2.9.1"
    "@react-md/typography" "^2.9.1"
    "@react-md/utils" "^2.9.1"
    classnames "^2.3.1"
  optionalDependencies:
    prop-types ">= 15.6"

"@react-md/layout@^2.9.1":
  version "2.9.1"
  resolved "https://registry.yarnpkg.com/@react-md/layout/-/layout-2.9.1.tgz#3ff3cbb04f9691edb511fb52c9c0264461d0c2b3"
  integrity sha512-XX8Dhp9SIBgk+xR04LY7H+Gb0TMjrS8BN6BiLpqnv/ueoqOS9pwP17siOl4vQd1PMoK/TE8kJgiFxa8POSnM4A==
  dependencies:
    "@react-md/app-bar" "^2.9.1"
    "@react-md/dialog" "^2.9.1"
    "@react-md/divider" "^2.9.1"
    "@react-md/form" "^2.9.1"
    "@react-md/icon" "^2.9.1"
    "@react-md/link" "^2.9.1"
    "@react-md/list" "^2.9.1"
    "@react-md/sheet" "^2.9.1"
    "@react-md/states" "^2.9.1"
    "@react-md/theme" "^2.9.1"
    "@react-md/tooltip" "^2.9.1"
    "@react-md/transition" "^2.9.1"
    "@react-md/tree" "^2.9.1"
    "@react-md/typography" "^2.9.1"
    "@react-md/utils" "^2.9.1"
    classnames "^2.3.1"
  optionalDependencies:
    prop-types ">= 15.6"

"@react-md/link@^2.9.1":
  version "2.9.1"
  resolved "https://registry.yarnpkg.com/@react-md/link/-/link-2.9.1.tgz#631635aec53f44e000cdf743502816bd51d2892f"
  integrity sha512-XoycOch8K+H0m1UASKdo5RUYqT8LkvPFU6mHpWQEJkQf0lrt28mLTp3PhvLjbqSQov6/CCvrP0QnrJYlqOuJtA==
  dependencies:
    "@react-md/states" "^2.9.1"
    "@react-md/theme" "^2.9.1"
    "@react-md/transition" "^2.9.1"
    "@react-md/typography" "^2.9.1"
    classnames "^2.3.1"
  optionalDependencies:
    prop-types "^15.6.2"

"@react-md/list@^2.9.1":
  version "2.9.1"
  resolved "https://registry.yarnpkg.com/@react-md/list/-/list-2.9.1.tgz#aeeea761048bb4444f53d8d23bc58fec15d2b089"
  integrity sha512-k8vyi9PqTkNEg1o8ThGk3MQ79GMBebitEIlETQVm6rvzB9hy3XcB4TKRYjO8WKkjtzd9PM8a+0wVN5hHgKgmwg==
  dependencies:
    "@react-md/avatar" "^2.9.1"
    "@react-md/divider" "^2.9.1"
    "@react-md/icon" "^2.9.1"
    "@react-md/states" "^2.9.1"
    "@react-md/theme" "^2.9.1"
    "@react-md/typography" "^2.9.1"
    "@react-md/utils" "^2.9.1"
    classnames "^2.3.1"
  optionalDependencies:
    prop-types ">= 15.6"

"@react-md/material-icons@^2.9.1":
  version "2.9.1"
  resolved "https://registry.yarnpkg.com/@react-md/material-icons/-/material-icons-2.9.1.tgz#9dbdba7f2d219bdbe1cf82347ae7988681725ac1"
  integrity sha512-rY8KsoJXO9o4Coid3YaH16zEgpUSpl226Qk6N/jYPUNQ5JcFlHHayMPTPXnmtuSou5JbTX5Ez+YB0sii6VMReA==
  dependencies:
    "@react-md/icon" "^2.9.1"

"@react-md/media@^2.9.1":
  version "2.9.1"
  resolved "https://registry.yarnpkg.com/@react-md/media/-/media-2.9.1.tgz#7d8d1a43834cea2aeab7cddafe2702a510bc2df4"
  integrity sha512-mzVkEoR3367ZGo+p35emf4n7kmSo8qgzBLOqXd6psRZoblHKOCSn/KGVvYeuU2kBdN5ijH5o5IQyVFrVz3jpZQ==
  dependencies:
    "@react-md/theme" "^2.9.1"
    "@react-md/utils" "^2.9.1"
    classnames "^2.3.1"
  optionalDependencies:
    prop-types ">= 15.6"

"@react-md/menu@^2.9.1":
  version "2.9.1"
  resolved "https://registry.yarnpkg.com/@react-md/menu/-/menu-2.9.1.tgz#c430b20ac2461582512eccb7d3eb589d99bceff5"
  integrity sha512-NmQpHXXzBtcbnMMMB6c4qqB5lLauQi+IT0xzzAXpMcygL6Em6du1G7oBzj+NPg2OrWDCdAnCSF9vcXZ8C6PKEg==
  dependencies:
    "@react-md/app-bar" "^2.9.1"
    "@react-md/button" "^2.9.1"
    "@react-md/divider" "^2.9.1"
    "@react-md/elevation" "^2.9.1"
    "@react-md/icon" "^2.9.1"
    "@react-md/list" "^2.9.1"
    "@react-md/states" "^2.9.1"
    "@react-md/theme" "^2.9.1"
    "@react-md/typography" "^2.9.1"
    "@react-md/utils" "^2.9.1"
    classnames "^2.3.1"
  optionalDependencies:
    prop-types ">= 15.6"

"@react-md/overlay@^2.9.1":
  version "2.9.1"
  resolved "https://registry.yarnpkg.com/@react-md/overlay/-/overlay-2.9.1.tgz#baa00dab673320e2b37cc0aa4da75359ae58bf30"
  integrity sha512-UT3Szvx7TnMKDs81iDXt6MTnXa5lTOYb7hyOv0Z8msyZA9A1LNACKk2MsoWrOGAWslm3Ad9W4wLJyhmBZt8vxw==
  dependencies:
    "@react-md/portal" "^2.9.1"
    "@react-md/theme" "^2.9.1"
    "@react-md/transition" "^2.9.1"
    "@react-md/utils" "^2.9.1"
    classnames "^2.3.1"
    react-transition-group "^4.4.2"
  optionalDependencies:
    prop-types ">= 15.6"

"@react-md/portal@^2.9.1":
  version "2.9.1"
  resolved "https://registry.yarnpkg.com/@react-md/portal/-/portal-2.9.1.tgz#39d61040c53cd36ac39f85f83b3a199ea83c5059"
  integrity sha512-nQGX9zk0L9L5Xo+2hVs4CEgmM5v3gsonWgc2E+LvPWtvp5oewcj2U/iDr2BzZ7cjyyM1FjXkYMmd/CaG+iY0Lg==
  optionalDependencies:
    prop-types ">= 15.6"

"@react-md/progress@^2.9.1":
  version "2.9.1"
  resolved "https://registry.yarnpkg.com/@react-md/progress/-/progress-2.9.1.tgz#f4a68a587ee09643dd9f0e69bbf1dd1c60e0e590"
  integrity sha512-SRe/SCZc0+zXiFsx+2rsdE4C7sGbC0srsm2OI9y/Q25l4eZ6H3qnPux5eCHpixWWXe2q0/zpzeZkGbAac4MJ8w==
  dependencies:
    "@react-md/theme" "^2.9.1"
    "@react-md/transition" "^2.9.1"
    "@react-md/utils" "^2.9.1"
    classnames "^2.3.1"
  optionalDependencies:
    prop-types ">= 15.6"

"@react-md/sheet@^2.9.1":
  version "2.9.1"
  resolved "https://registry.yarnpkg.com/@react-md/sheet/-/sheet-2.9.1.tgz#cf7e475dfe17fe5a02733b09836b2be237ee758f"
  integrity sha512-fdznXX8On05EfL2QzEeunFi07lZNmqCNP8NyvXAjtY1IAyspG2mJZZygZ4/aqddW4bOUq+j9XlKLuuLwokmqOg==
  dependencies:
    "@react-md/dialog" "^2.9.1"
    "@react-md/elevation" "^2.9.1"
    "@react-md/overlay" "^2.9.1"
    "@react-md/theme" "^2.9.1"
    "@react-md/transition" "^2.9.1"
    "@react-md/utils" "^2.9.1"
    classnames "^2.3.1"
  optionalDependencies:
    prop-types ">= 15.6"

"@react-md/states@^2.9.1":
  version "2.9.1"
  resolved "https://registry.yarnpkg.com/@react-md/states/-/states-2.9.1.tgz#47dd7b82d26ce3da66477026172e63187a7ed1eb"
  integrity sha512-GLnUQrvO45pZzPDPzA/13xiWXleXVLIXT+UOu97AFXzVtJuUbZ7e0DJEIpReWb2ZWUHDHIhie+4H3/zkdfPVUw==
  dependencies:
    "@react-md/theme" "^2.9.1"
    "@react-md/transition" "^2.9.1"
    "@react-md/utils" "^2.9.1"
    classnames "^2.3.1"
    react-transition-group "^4.4.2"
  optionalDependencies:
    prop-types ">= 15.6"

"@react-md/table@^2.9.1":
  version "2.9.1"
  resolved "https://registry.yarnpkg.com/@react-md/table/-/table-2.9.1.tgz#55bef25bcb12b6af72547eb9a3380d0f037f3e96"
  integrity sha512-MYUVq8H37+pDoHOMUGrvHPthyT8IF1tPRrBDqsv96+mL9xphnjht/tVRM+U/9kYAyqTG+Gx76xdtbkrL9rZ2Xw==
  dependencies:
    "@react-md/divider" "^2.9.1"
    "@react-md/form" "^2.9.1"
    "@react-md/theme" "^2.9.1"
    "@react-md/transition" "^2.9.1"
    "@react-md/typography" "^2.9.1"
    "@react-md/utils" "^2.9.1"
    classnames "^2.3.1"
  optionalDependencies:
    prop-types ">= 15.6"

"@react-md/tabs@^2.9.1":
  version "2.9.1"
  resolved "https://registry.yarnpkg.com/@react-md/tabs/-/tabs-2.9.1.tgz#79eb12323c6fe37f69fc0ffdaa4b5126ae3f3aa1"
  integrity sha512-1VAKAuRqBJG+HUm9f91nTcTdPwtRkVJANiDhORBtLLgyQvlsuh5bqC2aeaVDDetjzXfkPVn42DNa1ygflqCJYg==
  dependencies:
    "@react-md/icon" "^2.9.1"
    "@react-md/states" "^2.9.1"
    "@react-md/theme" "^2.9.1"
    "@react-md/transition" "^2.9.1"
    "@react-md/typography" "^2.9.1"
    "@react-md/utils" "^2.9.1"
    classnames "^2.3.1"
    react-transition-group "^4.4.2"
  optionalDependencies:
    prop-types ">= 15.6"

"@react-md/theme@^2.9.1":
  version "2.9.1"
  resolved "https://registry.yarnpkg.com/@react-md/theme/-/theme-2.9.1.tgz#03db64ee5d26e39ec5dd5cb2dd0a0b421c703f0b"
  integrity sha512-pYaspp8manzbMIk6QGZHqzIBUXmYtYoWj38kxs+rdmAJzdzFEd9wIWsT7KUwUSx6cgruplwLhQKOLw277rkcAw==
  dependencies:
    "@react-md/utils" "^2.9.1"
  optionalDependencies:
    prop-types ">= 15.6"

"@react-md/tooltip@^2.9.1":
  version "2.9.1"
  resolved "https://registry.yarnpkg.com/@react-md/tooltip/-/tooltip-2.9.1.tgz#de60d20413964cc970c962df366e1074ed4ee75f"
  integrity sha512-tYyPrVC44kTtFFSObvi9uUfWuxr17OFA+96KR4ocodjkzqwl89kDzsyPekvy2DP8ZRTNZV+iuYfDMICxFHp3hQ==
  dependencies:
    "@react-md/portal" "^2.9.1"
    "@react-md/theme" "^2.9.1"
    "@react-md/transition" "^2.9.1"
    "@react-md/typography" "^2.9.1"
    "@react-md/utils" "^2.9.1"
    classnames "^2.3.1"
    react-transition-group "^4.4.2"
  optionalDependencies:
    prop-types ">= 15.6"

"@react-md/transition@^2.9.1":
  version "2.9.1"
  resolved "https://registry.yarnpkg.com/@react-md/transition/-/transition-2.9.1.tgz#a85b4becea574101a1d48c481f66140adec2182c"
  integrity sha512-0LI/O8R57Z/2xEDqMs/7p+1xRRqaZPflYAhBqTVe9bSk5az4bmbVCabMBLNZ9OJ8/hDKlDCTyGNbgIbcvhyBwA==
  dependencies:
    "@react-md/portal" "^2.9.1"
    "@react-md/theme" "^2.9.1"
    "@react-md/utils" "^2.9.1"
    "@types/react-transition-group" "^4.4.2"
    classnames "^2.3.1"
    react-transition-group "^4.4.2"
  optionalDependencies:
    prop-types ">= 15.6"

"@react-md/tree@^2.9.1":
  version "2.9.1"
  resolved "https://registry.yarnpkg.com/@react-md/tree/-/tree-2.9.1.tgz#a48c6a9083530c2cfb526821aedc4dfc4c97c618"
  integrity sha512-INXLHLYR4YwlmzV7xNZbyglQ/NOmzI6l4g52+3pnkzK/5wpz/J9w8LM39sfwMHicFJu6iPGschhbe37vfmJufQ==
  dependencies:
    "@react-md/icon" "^2.9.1"
    "@react-md/list" "^2.9.1"
    "@react-md/theme" "^2.9.1"
    "@react-md/transition" "^2.9.1"
    "@react-md/utils" "^2.9.1"
    classnames "^2.3.1"
  optionalDependencies:
    prop-types ">= 15.6"

"@react-md/typography@^2.9.1":
  version "2.9.1"
  resolved "https://registry.yarnpkg.com/@react-md/typography/-/typography-2.9.1.tgz#c5c358569b3598bae52285bff5c14e25e6efcc73"
  integrity sha512-BUaYMtPdViG7vvgATsrQFBSCaFpKgxES50FFZyj0QS8YFmVN744u9hP5my4HimXf7/vzTPYmCw8MjqotWtrNJQ==
  dependencies:
    "@react-md/theme" "^2.9.1"
    "@react-md/utils" "^2.9.1"
    classnames "^2.3.1"
  optionalDependencies:
    prop-types ">= 15.6"

"@react-md/utils@^2.9.1":
  version "2.9.1"
  resolved "https://registry.yarnpkg.com/@react-md/utils/-/utils-2.9.1.tgz#7f6af871e46c1a38c1dcc6583beb1bcb5cc7d709"
  integrity sha512-XxyMUl7r0Gwjg/kv11UM8TomdxgeUlK8wP2AxaMauY5Cv2WSs5SLUvjQZ9rki0ZlIx5CmfP/WrJFPW7Ik94yJA==
  dependencies:
    "@juggle/resize-observer" "^3.3.0"
    classnames "^2.3.1"

"@swc/helpers@0.4.3":
  version "0.4.3"
  resolved "https://registry.yarnpkg.com/@swc/helpers/-/helpers-0.4.3.tgz#16593dfc248c53b699d4b5026040f88ddb497012"
  integrity sha512-6JrF+fdUK2zbGpJIlN7G3v966PQjyx/dPt1T9km2wj+EUBqgrxCk3uX4Kct16MIm9gGxfKRcfax2hVf5jvlTzA==
  dependencies:
    tslib "^2.4.0"

"@types/node@^14.0.27":
  version "14.18.26"
  resolved "https://registry.yarnpkg.com/@types/node/-/node-14.18.26.tgz#239e19f8b4ea1a9eb710528061c1d733dc561996"
  integrity sha512-0b+utRBSYj8L7XAp0d+DX7lI4cSmowNaaTkk6/1SKzbKkG+doLuPusB9EOvzLJ8ahJSk03bTLIL6cWaEd4dBKA==

"@types/prop-types@*":
  version "15.7.5"
  resolved "https://registry.yarnpkg.com/@types/prop-types/-/prop-types-15.7.5.tgz#5f19d2b85a98e9558036f6a3cacc8819420f05cf"
  integrity sha512-JCB8C6SnDoQf0cNycqd/35A7MjcnK+ZTqE7judS6o7utxUCg6imJg3QK2qzHKszlTjcj2cn+NwMB2i96ubpj7w==

"@types/react-transition-group@^4.4.2":
  version "4.4.5"
  resolved "https://registry.yarnpkg.com/@types/react-transition-group/-/react-transition-group-4.4.5.tgz#aae20dcf773c5aa275d5b9f7cdbca638abc5e416"
  integrity sha512-juKD/eiSM3/xZYzjuzH6ZwpP+/lejltmiS3QEzV/vmb/Q8+HfDmxu+Baga8UEMGBqV88Nbg4l2hY/K2DkyaLLA==
  dependencies:
    "@types/react" "*"

"@types/react@*":
  version "18.0.18"
  resolved "https://registry.yarnpkg.com/@types/react/-/react-18.0.18.tgz#9f16f33d57bc5d9dca848d12c3572110ff9429ac"
  integrity sha512-6hI08umYs6NaiHFEEGioXnxJ+oEhY3eRz8VCUaudZmGdtvPviCJB8mgaMxaDWAdPSYd4eFavrPk2QIolwbLYrg==
  dependencies:
    "@types/prop-types" "*"
    "@types/scheduler" "*"
    csstype "^3.0.2"

"@types/react@^16.9.43":
  version "16.14.31"
  resolved "https://registry.yarnpkg.com/@types/react/-/react-16.14.31.tgz#03757719ac16b460ab9124f718fdd079f6578fe8"
  integrity sha512-CD3LuBW4xIeGy6BxuNZdXBOsuP00OHFuNOq/4e2xKDq6z02XvdH9wIkuPNmz7BRQpo5ncy1zT9fz4tTDqXbjzQ==
  dependencies:
    "@types/prop-types" "*"
    "@types/scheduler" "*"
    csstype "^3.0.2"

"@types/scheduler@*":
  version "0.16.2"
  resolved "https://registry.yarnpkg.com/@types/scheduler/-/scheduler-0.16.2.tgz#1a62f89525723dde24ba1b01b092bf5df8ad4d39"
  integrity sha512-hppQEBDmlwhFAXKJX2KnWLYu5yMfi91yazPb2l+lbJiwW+wdo1gNeRA+3RgNSO39WYX2euey41KEwnqesU2Jew==

anymatch@~3.1.2:
  version "3.1.2"
  resolved "https://registry.yarnpkg.com/anymatch/-/anymatch-3.1.2.tgz#c0557c096af32f106198f4f4e2a383537e378716"
  integrity sha512-P43ePfOAIupkguHUycrc4qJ9kz8ZiuOUijaETwX7THt0Y/GNK7v0aa8rY816xWjZ7rJdA5XdMcpVFTKMq+RvWg==
  dependencies:
    normalize-path "^3.0.0"
    picomatch "^2.0.4"

binary-extensions@^2.0.0:
  version "2.2.0"
  resolved "https://registry.yarnpkg.com/binary-extensions/-/binary-extensions-2.2.0.tgz#75f502eeaf9ffde42fc98829645be4ea76bd9e2d"
  integrity sha512-jDctJ/IVQbZoJykoeHbhXpOlNBqGNcwXJKJog42E5HDPUwQTSdjCHdihjj0DlnheQ7blbT6dHOafNAiS8ooQKA==

braces@~3.0.2:
  version "3.0.2"
  resolved "https://registry.yarnpkg.com/braces/-/braces-3.0.2.tgz#3454e1a462ee8d599e236df336cd9ea4f8afe107"
  integrity sha512-b8um+L1RzM3WDSzvhm6gIz1yfTbBt6YTlcEKAvsmqCZZFw46z626lVj9j1yEPW33H5H+lBQpZMP1k8l+78Ha0A==
  dependencies:
    fill-range "^7.0.1"

caniuse-lite@^1.0.30001332:
  version "1.0.30001387"
  resolved "https://registry.yarnpkg.com/caniuse-lite/-/caniuse-lite-1.0.30001387.tgz#90d2b9bdfcc3ab9a5b9addee00a25ef86c9e2e1e"
  integrity sha512-fKDH0F1KOJvR+mWSOvhj8lVRr/Q/mc5u5nabU2vi1/sgvlSqEsE8dOq0Hy/BqVbDkCYQPRRHB1WRjW6PGB/7PA==

"chokidar@>=3.0.0 <4.0.0":
  version "3.5.3"
  resolved "https://registry.yarnpkg.com/chokidar/-/chokidar-3.5.3.tgz#1cf37c8707b932bd1af1ae22c0432e2acd1903bd"
  integrity sha512-Dr3sfKRP6oTcjf2JmUmFJfeVMvXBdegxB0iVQ5eb2V10uFJUCAS8OByZdVAyVb8xXNz3GjjTgj9kLWsZTqE6kw==
  dependencies:
    anymatch "~3.1.2"
    braces "~3.0.2"
    glob-parent "~5.1.2"
    is-binary-path "~2.1.0"
    is-glob "~4.0.1"
    normalize-path "~3.0.0"
    readdirp "~3.6.0"
  optionalDependencies:
    fsevents "~2.3.2"

classnames@^2.3.1:
  version "2.3.1"
  resolved "https://registry.yarnpkg.com/classnames/-/classnames-2.3.1.tgz#dfcfa3891e306ec1dad105d0e88f4417b8535e8e"
  integrity sha512-OlQdbZ7gLfGarSqxesMesDa5uz7KFbID8Kpq/SxIoNGDqY8lSYs0D+hhtBXhcdB3rcbXArFr7vlHheLk1voeNA==

csstype@^3.0.2:
  version "3.1.0"
  resolved "https://registry.yarnpkg.com/csstype/-/csstype-3.1.0.tgz#4ddcac3718d787cf9df0d1b7d15033925c8f29f2"
  integrity sha512-uX1KG+x9h5hIJsaKR9xHUeUraxf8IODOwq9JLNPq6BwB04a/xgpq3rcx47l5BZu5zBPlgD342tdke3Hom/nJRA==

dom-helpers@^5.0.1:
  version "5.2.1"
  resolved "https://registry.yarnpkg.com/dom-helpers/-/dom-helpers-5.2.1.tgz#d9400536b2bf8225ad98fe052e029451ac40e902"
  integrity sha512-nRCa7CK3VTrM2NmGkIy4cbK7IZlgBE/PYMn55rrXefr5xXDP0LdtfPnblFDoVdcAfslJ7or6iqAUnx0CCGIWQA==
  dependencies:
    "@babel/runtime" "^7.8.7"
    csstype "^3.0.2"

fill-range@^7.0.1:
  version "7.0.1"
  resolved "https://registry.yarnpkg.com/fill-range/-/fill-range-7.0.1.tgz#1919a6a7c75fe38b2c7c77e5198535da9acdda40"
  integrity sha512-qOo9F+dMUmC2Lcb4BbVvnKJxTPjCm+RRpe4gDuGrzkL7mEVl/djYSu2OdQ2Pa302N4oqkSg9ir6jaLWJ2USVpQ==
  dependencies:
    to-regex-range "^5.0.1"

fsevents@~2.3.2:
  version "2.3.2"
  resolved "https://registry.yarnpkg.com/fsevents/-/fsevents-2.3.2.tgz#8a526f78b8fdf4623b709e0b975c52c24c02fd1a"
  integrity sha512-xiqMQR4xAeHTuB9uWm+fFRcIOgKBMiOBP+eXiyT7jsgVCq1bkVygt00oASowB7EdtpOHaaPgKt812P9ab+DDKA==

glob-parent@~5.1.2:
  version "5.1.2"
  resolved "https://registry.yarnpkg.com/glob-parent/-/glob-parent-5.1.2.tgz#869832c58034fe68a4093c17dc15e8340d8401c4"
  integrity sha512-AOIgSQCepiJYwP3ARnGx+5VnTu2HBYdzbGP45eLw1vr3zB3vZLeyed1sC9hnbcOc9/SrMyM5RPQrkGz4aS9Zow==
  dependencies:
    is-glob "^4.0.1"

immutable@^4.0.0:
  version "4.1.0"
  resolved "https://registry.yarnpkg.com/immutable/-/immutable-4.1.0.tgz#f795787f0db780183307b9eb2091fcac1f6fafef"
  integrity sha512-oNkuqVTA8jqG1Q6c+UglTOD1xhC1BtjKI7XkCXRkZHrN5m18/XsnUp8Q89GkQO/z+0WjonSvl0FLhDYftp46nQ==

is-binary-path@~2.1.0:
  version "2.1.0"
  resolved "https://registry.yarnpkg.com/is-binary-path/-/is-binary-path-2.1.0.tgz#ea1f7f3b80f064236e83470f86c09c254fb45b09"
  integrity sha512-ZMERYes6pDydyuGidse7OsHxtbI7WVeUEozgR/g7rd0xUimYNlvZRE/K2MgZTjWy725IfelLeVcEM97mmtRGXw==
  dependencies:
    binary-extensions "^2.0.0"

is-extglob@^2.1.1:
  version "2.1.1"
  resolved "https://registry.yarnpkg.com/is-extglob/-/is-extglob-2.1.1.tgz#a88c02535791f02ed37c76a1b9ea9773c833f8c2"
  integrity sha512-SbKbANkN603Vi4jEZv49LeVJMn4yGwsbzZworEoyEiutsN3nJYdbO36zfhGJ6QEDpOZIFkDtnq5JRxmvl3jsoQ==

is-glob@^4.0.1, is-glob@~4.0.1:
  version "4.0.3"
  resolved "https://registry.yarnpkg.com/is-glob/-/is-glob-4.0.3.tgz#64f61e42cbbb2eec2071a9dac0b28ba1e65d5084"
  integrity sha512-xelSayHH36ZgE7ZWhli7pW34hNbNl8Ojv5KVmkJD4hBdD3th8Tfk9vYasLM+mXWOZhFkgZfxhLSnrwRr4elSSg==
  dependencies:
    is-extglob "^2.1.1"

is-number@^7.0.0:
  version "7.0.0"
  resolved "https://registry.yarnpkg.com/is-number/-/is-number-7.0.0.tgz#7535345b896734d5f80c4d06c50955527a14f12b"
  integrity sha512-41Cifkg6e8TylSpdtTpeLVMqvSBEVzTttHvERD741+pnZ8ANv0004MRL43QKPDlK9cGvNp6NZWZUBlbGXYxxng==

"js-tokens@^3.0.0 || ^4.0.0":
  version "4.0.0"
  resolved "https://registry.yarnpkg.com/js-tokens/-/js-tokens-4.0.0.tgz#19203fb59991df98e3a287050d4647cdeaf32499"
  integrity sha512-RdJUflcE3cUzKiMqQgsCu06FPu9UdIJO0beYbPhHN4k6apgJtifcoCtT9bcxOpYBtpD2kCM6Sbzg4CausW/PKQ==

loose-envify@^1.1.0, loose-envify@^1.4.0:
  version "1.4.0"
  resolved "https://registry.yarnpkg.com/loose-envify/-/loose-envify-1.4.0.tgz#71ee51fa7be4caec1a63839f7e682d8132d30caf"
  integrity sha512-lyuxPGr/Wfhrlem2CL/UcnUc1zcqKAImBDzukY7Y5F/yQiNdko6+fRLevlw1HgMySw7f611UIY408EtxRSoK3Q==
  dependencies:
    js-tokens "^3.0.0 || ^4.0.0"

nanoid@^3.1.23, nanoid@^3.3.4:
  version "3.3.4"
  resolved "https://registry.yarnpkg.com/nanoid/-/nanoid-3.3.4.tgz#730b67e3cd09e2deacf03c027c81c9d9dbc5e8ab"
  integrity sha512-MqBkQh/OHTS2egovRtLk45wEyNXwF+cokD+1YPf9u5VfJiRdAiRwB2froX5Co9Rh20xs4siNPm8naNotSD6RBw==

next@latest:
  version "12.2.5"
  resolved "https://registry.yarnpkg.com/next/-/next-12.2.5.tgz#14fb5975e8841fad09553b8ef41fe1393602b717"
  integrity sha512-tBdjqX5XC/oFs/6gxrZhjmiq90YWizUYU6qOWAfat7zJwrwapJ+BYgX2PmiacunXMaRpeVT4vz5MSPSLgNkrpA==
  dependencies:
    "@next/env" "12.2.5"
    "@swc/helpers" "0.4.3"
    caniuse-lite "^1.0.30001332"
    postcss "8.4.14"
    styled-jsx "5.0.4"
    use-sync-external-store "1.2.0"
  optionalDependencies:
    "@next/swc-android-arm-eabi" "12.2.5"
    "@next/swc-android-arm64" "12.2.5"
    "@next/swc-darwin-arm64" "12.2.5"
    "@next/swc-darwin-x64" "12.2.5"
    "@next/swc-freebsd-x64" "12.2.5"
    "@next/swc-linux-arm-gnueabihf" "12.2.5"
    "@next/swc-linux-arm64-gnu" "12.2.5"
    "@next/swc-linux-arm64-musl" "12.2.5"
    "@next/swc-linux-x64-gnu" "12.2.5"
    "@next/swc-linux-x64-musl" "12.2.5"
    "@next/swc-win32-arm64-msvc" "12.2.5"
    "@next/swc-win32-ia32-msvc" "12.2.5"
    "@next/swc-win32-x64-msvc" "12.2.5"

normalize-path@^3.0.0, normalize-path@~3.0.0:
  version "3.0.0"
  resolved "https://registry.yarnpkg.com/normalize-path/-/normalize-path-3.0.0.tgz#0dcd69ff23a1c9b11fd0978316644a0388216a65"
  integrity sha512-6eZs5Ls3WtCisHWp9S2GUy8dqkpGi4BVSz3GaqiE6ezub0512ESztXUwUB6C6IKbQkY2Pnb/mD4WYojCRwcwLA==

object-assign@^4.1.1:
  version "4.1.1"
  resolved "https://registry.yarnpkg.com/object-assign/-/object-assign-4.1.1.tgz#2109adc7965887cfc05cbbd442cac8bfbb360863"
  integrity sha512-rJgTQnkUnH1sFw8yT6VSU3zD3sWmu6sZhIseY8VX+GRu3P6F7Fu+JNDoXfklElbLJSnc3FUQHVe4cU5hj+BcUg==

picocolors@^1.0.0:
  version "1.0.0"
  resolved "https://registry.yarnpkg.com/picocolors/-/picocolors-1.0.0.tgz#cb5bdc74ff3f51892236eaf79d68bc44564ab81c"
  integrity sha512-1fygroTLlHu66zi26VoTDv8yRgm0Fccecssto+MhsZ0D/DGW2sm8E8AjW7NU5VVTRt5GxbeZ5qBuJr+HyLYkjQ==

picomatch@^2.0.4, picomatch@^2.2.1:
  version "2.3.1"
  resolved "https://registry.yarnpkg.com/picomatch/-/picomatch-2.3.1.tgz#3ba3833733646d9d3e4995946c1365a67fb07a42"
  integrity sha512-JU3teHTNjmE2VCGFzuY8EXzCDVwEqB2a8fsIvwaStHhAWJEeVd1o1QD80CU6+ZdEXXSLbSsuLwJjkCBWqRQUVA==

postcss@8.4.14:
  version "8.4.14"
  resolved "https://registry.yarnpkg.com/postcss/-/postcss-8.4.14.tgz#ee9274d5622b4858c1007a74d76e42e56fd21caf"
  integrity sha512-E398TUmfAYFPBSdzgeieK2Y1+1cpdxJx8yXbK/m57nRhKSmk1GB2tO4lbLBtlkfPQTDKfe4Xqv1ASWPpayPEig==
  dependencies:
    nanoid "^3.3.4"
    picocolors "^1.0.0"
    source-map-js "^1.0.2"

"prop-types@>= 15.6", prop-types@^15.6.2:
  version "15.8.1"
  resolved "https://registry.yarnpkg.com/prop-types/-/prop-types-15.8.1.tgz#67d87bf1a694f48435cf332c24af10214a3140b5"
  integrity sha512-oj87CgZICdulUohogVAR7AjlC0327U4el4L6eAvOqCeudMDVU0NThNaV+b9Df4dXgSP1gXMTnPdhfe/2qDH5cg==
  dependencies:
    loose-envify "^1.4.0"
    object-assign "^4.1.1"
    react-is "^16.13.1"

react-dom@^17.0.2:
  version "17.0.2"
  resolved "https://registry.yarnpkg.com/react-dom/-/react-dom-17.0.2.tgz#ecffb6845e3ad8dbfcdc498f0d0a939736502c23"
  integrity sha512-s4h96KtLDUQlsENhMn1ar8t2bEa+q/YAtj8pPPdIjPDGBDIVNsrD9aXNWqspUe6AzKCIG0C1HZZLqLV7qpOBGA==
  dependencies:
    loose-envify "^1.1.0"
    object-assign "^4.1.1"
    scheduler "^0.20.2"

react-is@^16.13.1:
  version "16.13.1"
  resolved "https://registry.yarnpkg.com/react-is/-/react-is-16.13.1.tgz#789729a4dc36de2999dc156dd6c1d9c18cea56a4"
  integrity sha512-24e6ynE2H+OKt4kqsOvNd8kBpV65zoxbA4BVsEOB3ARVWQki/DHzaUoC5KuON/BiccDaCCTZBuOcfZs70kR8bQ==

react-md@^2.1.1:
  version "2.9.1"
  resolved "https://registry.yarnpkg.com/react-md/-/react-md-2.9.1.tgz#f9cb4e071e27988939c6dc0a7a24fe3da5a89f8c"
  integrity sha512-9BazlHlx97+LKpdlt5MWIE3Dn9I1/2Y1RvM7LtnIj9/hZx/13aMY+goj6Jnh1gv4onpRl76gqv1oJ+e+EzA0xg==
  dependencies:
    "@react-md/alert" "^2.9.1"
    "@react-md/app-bar" "^2.9.1"
    "@react-md/autocomplete" "^2.9.1"
    "@react-md/avatar" "^2.9.1"
    "@react-md/badge" "^2.9.1"
    "@react-md/button" "^2.9.1"
    "@react-md/card" "^2.9.1"
    "@react-md/chip" "^2.9.1"
    "@react-md/dialog" "^2.9.1"
    "@react-md/divider" "^2.9.1"
    "@react-md/elevation" "^2.9.1"
    "@react-md/expansion-panel" "^2.9.1"
    "@react-md/form" "^2.9.1"
    "@react-md/icon" "^2.9.1"
    "@react-md/layout" "^2.9.1"
    "@react-md/link" "^2.9.1"
    "@react-md/list" "^2.9.1"
    "@react-md/material-icons" "^2.9.1"
    "@react-md/media" "^2.9.1"
    "@react-md/menu" "^2.9.1"
    "@react-md/overlay" "^2.9.1"
    "@react-md/portal" "^2.9.1"
    "@react-md/progress" "^2.9.1"
    "@react-md/sheet" "^2.9.1"
    "@react-md/states" "^2.9.1"
    "@react-md/table" "^2.9.1"
    "@react-md/tabs" "^2.9.1"
    "@react-md/theme" "^2.9.1"
    "@react-md/tooltip" "^2.9.1"
    "@react-md/transition" "^2.9.1"
    "@react-md/tree" "^2.9.1"
    "@react-md/typography" "^2.9.1"
    "@react-md/utils" "^2.9.1"

react-transition-group@^4.4.2:
  version "4.4.5"
  resolved "https://registry.yarnpkg.com/react-transition-group/-/react-transition-group-4.4.5.tgz#e53d4e3f3344da8521489fbef8f2581d42becdd1"
  integrity sha512-pZcd1MCJoiKiBR2NRxeCRg13uCXbydPnmB4EOeRrY7480qNWO8IIgQG6zlDkm6uRMsURXPuKq0GWtiM59a5Q6g==
  dependencies:
    "@babel/runtime" "^7.5.5"
    dom-helpers "^5.0.1"
    loose-envify "^1.4.0"
    prop-types "^15.6.2"

react@^17.0.2:
  version "17.0.2"
  resolved "https://registry.yarnpkg.com/react/-/react-17.0.2.tgz#d0b5cc516d29eb3eee383f75b62864cfb6800037"
  integrity sha512-gnhPt75i/dq/z3/6q/0asP78D0u592D5L1pd7M8P+dck6Fu/jJeL6iVVK23fptSUZj8Vjf++7wXA8UNclGQcbA==
  dependencies:
    loose-envify "^1.1.0"
    object-assign "^4.1.1"

readdirp@~3.6.0:
  version "3.6.0"
  resolved "https://registry.yarnpkg.com/readdirp/-/readdirp-3.6.0.tgz#74a370bd857116e245b29cc97340cd431a02a6c7"
  integrity sha512-hOS089on8RduqdbhvQ5Z37A0ESjsqz6qnRcffsMU3495FuTdqSm+7bhJ29JvIOsBDEEnan5DPu9t3To9VRlMzA==
  dependencies:
    picomatch "^2.2.1"

regenerator-runtime@^0.13.4:
  version "0.13.9"
  resolved "https://registry.yarnpkg.com/regenerator-runtime/-/regenerator-runtime-0.13.9.tgz#8925742a98ffd90814988d7566ad30ca3b263b52"
  integrity sha512-p3VT+cOEgxFsRRA9X4lkI1E+k2/CtnKtU4gcxyaCUreilL/vqI6CdZ3wxVUx3UOUg+gnUOQQcRI7BmSI656MYA==

sass@^1.32.4:
  version "1.54.8"
  resolved "https://registry.yarnpkg.com/sass/-/sass-1.54.8.tgz#4adef0dd86ea2b1e4074f551eeda4fc5f812a996"
  integrity sha512-ib4JhLRRgbg6QVy6bsv5uJxnJMTS2soVcCp9Y88Extyy13A8vV0G1fAwujOzmNkFQbR3LvedudAMbtuNRPbQww==
  dependencies:
    chokidar ">=3.0.0 <4.0.0"
    immutable "^4.0.0"
    source-map-js ">=0.6.2 <2.0.0"

scheduler@^0.20.2:
  version "0.20.2"
  resolved "https://registry.yarnpkg.com/scheduler/-/scheduler-0.20.2.tgz#4baee39436e34aa93b4874bddcbf0fe8b8b50e91"
  integrity sha512-2eWfGgAqqWFGqtdMmcL5zCMK1U8KlXv8SQFGglL3CEtd0aDVDWgeF/YoCmvln55m5zSk3J/20hTaSBeSObsQDQ==
  dependencies:
    loose-envify "^1.1.0"
    object-assign "^4.1.1"

"source-map-js@>=0.6.2 <2.0.0", source-map-js@^1.0.2:
  version "1.0.2"
  resolved "https://registry.yarnpkg.com/source-map-js/-/source-map-js-1.0.2.tgz#adbc361d9c62df380125e7f161f71c826f1e490c"
  integrity sha512-R0XvVJ9WusLiqTCEiGCmICCMplcCkIwwR11mOSD9CR5u+IXYdiseeEuXCVAjS54zqwkLcPNnmU4OeJ6tUrWhDw==

styled-jsx@5.0.4:
  version "5.0.4"
  resolved "https://registry.yarnpkg.com/styled-jsx/-/styled-jsx-5.0.4.tgz#5b1bd0b9ab44caae3dd1361295559706e044aa53"
  integrity sha512-sDFWLbg4zR+UkNzfk5lPilyIgtpddfxXEULxhujorr5jtePTUqiPDc5BC0v1NRqTr/WaFBGQQUoYToGlF4B2KQ==

to-regex-range@^5.0.1:
  version "5.0.1"
  resolved "https://registry.yarnpkg.com/to-regex-range/-/to-regex-range-5.0.1.tgz#1648c44aae7c8d988a326018ed72f5b4dd0392e4"
  integrity sha512-65P7iz6X5yEr1cwcgvQxbbIw7Uk3gOy5dIdtZ4rDveLqhrdJP+Li/Hx6tyK0NEb+2GCyneCMJiGqrADCSNk8sQ==
  dependencies:
    is-number "^7.0.0"

tslib@^2.4.0:
  version "2.4.0"
  resolved "https://registry.yarnpkg.com/tslib/-/tslib-2.4.0.tgz#7cecaa7f073ce680a05847aa77be941098f36dc3"
  integrity sha512-d6xOpEDfsi2CZVlPQzGeux8XMwLT9hssAsaPYExaQMuYskwb+x1x7J371tWlbBdWHroy99KnVB6qIkUbs5X3UQ==

typescript@^3.9.7:
  version "3.9.10"
  resolved "https://registry.yarnpkg.com/typescript/-/typescript-3.9.10.tgz#70f3910ac7a51ed6bef79da7800690b19bf778b8"
  integrity sha512-w6fIxVE/H1PkLKcCPsFqKE7Kv7QUwhU8qQY2MueZXWx5cPZdwFupLgKK3vntcK98BtNHZtAF4LA/yl2a7k8R6Q==

use-sync-external-store@1.2.0:
  version "1.2.0"
  resolved "https://registry.yarnpkg.com/use-sync-external-store/-/use-sync-external-store-1.2.0.tgz#7dbefd6ef3fe4e767a0cf5d7287aacfb5846928a"
  integrity sha512-eEgnFxGQ1Ife9bzYs6VLi8/4X6CObHMw9Qr9tPY43iKwsPw8xE8+EFsf/2cFZ5S3esXgpWgtSCtLNS41F+sKPA==
